
Microsoft Visual Studio Solution File, Format Version 12.00
# Visual Studio 15
VisualStudioVersion = 15.0.28307.489
MinimumVisualStudioVersion = 10.0.40219.1
Project("{FAE04EC0-301F-11D3-BF4B-00C04F79EFBC}") = "Game2048.Android", "Game2048\Game2048.Android\Game2048.Android.csproj", "{1914D813-375B-420B-A2B5-A72444FC7206}"
EndProject
Project("{FAE04EC0-301F-11D3-BF4B-00C04F79EFBC}") = "Game2048.iOS", "Game2048\Game2048.iOS\Game2048.iOS.csproj", "{09A4E57A-4B44-4801-9EE3-155A785A878E}"
EndProject
Project("{9A19103F-16F7-4668-BE54-9A1E7A4F7556}") = "Game2048", "Game2048\Game2048\Game2048.csproj", "{18D4DB58-791D-4A6F-BB79-242A40D0E16E}"
EndProject
Project("{FAE04EC0-301F-11D3-BF4B-00C04F79EFBC}") = "Game2048.Tests", "Game2048.Tests\Game2048.Tests.csproj", "{47B6CD3E-4E6B-465F-A1A8-03AC63986DCF}"
EndProject
Global
	GlobalSection(SolutionConfigurationPlatforms) = preSolution
		Ad-Hoc|Any CPU = Ad-Hoc|Any CPU
		Ad-Hoc|iPhone = Ad-Hoc|iPhone
		Ad-Hoc|iPhoneSimulator = Ad-Hoc|iPhoneSimulator
		AppStore|Any CPU = AppStore|Any CPU
		AppStore|iPhone = AppStore|iPhone
		AppStore|iPhoneSimulator = AppStore|iPhoneSimulator
		Debug|Any CPU = Debug|Any CPU
		Debug|iPhone = Debug|iPhone
		Debug|iPhoneSimulator = Debug|iPhoneSimulator
		Release|Any CPU = Release|Any CPU
		Release|iPhone = Release|iPhone
		Release|iPhoneSimulator = Release|iPhoneSimulator
	EndGlobalSection
	GlobalSection(ProjectConfigurationPlatforms) = postSolution
		{1914D813-375B-420B-A2B5-A72444FC7206}.Ad-Hoc|Any CPU.ActiveCfg = Release|Any CPU
		{1914D813-375B-420B-A2B5-A72444FC7206}.Ad-Hoc|Any CPU.Build.0 = Release|Any CPU
		{1914D813-375B-420B-A2B5-A72444FC7206}.Ad-Hoc|Any CPU.Deploy.0 = Release|Any CPU
		{1914D813-375B-420B-A2B5-A72444FC7206}.Ad-Hoc|iPhone.ActiveCfg = Release|Any CPU
		{1914D813-375B-420B-A2B5-A72444FC7206}.Ad-Hoc|iPhone.Build.0 = Release|Any CPU
		{1914D813-375B-420B-A2B5-A72444FC7206}.Ad-Hoc|iPhone.Deploy.0 = Release|Any CPU
		{1914D813-375B-420B-A2B5-A72444FC7206}.Ad-Hoc|iPhoneSimulator.ActiveCfg = Release|Any CPU
		{1914D813-375B-420B-A2B5-A72444FC7206}.Ad-Hoc|iPhoneSimulator.Build.0 = Release|Any CPU
		{1914D813-375B-420B-A2B5-A72444FC7206}.Ad-Hoc|iPhoneSimulator.Deploy.0 = Release|Any CPU
		{1914D813-375B-420B-A2B5-A72444FC7206}.AppStore|Any CPU.ActiveCfg = Release|Any CPU
		{1914D813-375B-420B-A2B5-A72444FC7206}.AppStore|Any CPU.Build.0 = Release|Any CPU
		{1914D813-375B-420B-A2B5-A72444FC7206}.AppStore|Any CPU.Deploy.0 = Release|Any CPU
		{1914D813-375B-420B-A2B5-A72444FC7206}.AppStore|iPhone.ActiveCfg = Release|Any CPU
		{1914D813-375B-420B-A2B5-A72444FC7206}.AppStore|iPhone.Build.0 = Release|Any CPU
		{1914D813-375B-420B-A2B5-A72444FC7206}.AppStore|iPhone.Deploy.0 = Release|Any CPU
		{1914D813-375B-420B-A2B5-A72444FC7206}.AppStore|iPhoneSimulator.ActiveCfg = Release|Any CPU
		{1914D813-375B-420B-A2B5-A72444FC7206}.AppStore|iPhoneSimulator.Build.0 = Release|Any CPU
		{1914D813-375B-420B-A2B5-A72444FC7206}.AppStore|iPhoneSimulator.Deploy.0 = Release|Any CPU
		{1914D813-375B-420B-A2B5-A72444FC7206}.Debug|Any CPU.ActiveCfg = Debug|Any CPU
		{1914D813-375B-420B-A2B5-A72444FC7206}.Debug|Any CPU.Build.0 = Debug|Any CPU
		{1914D813-375B-420B-A2B5-A72444FC7206}.Debug|Any CPU.Deploy.0 = Debug|Any CPU
		{1914D813-375B-420B-A2B5-A72444FC7206}.Debug|iPhone.ActiveCfg = Debug|Any CPU
		{1914D813-375B-420B-A2B5-A72444FC7206}.Debug|iPhone.Build.0 = Debug|Any CPU
		{1914D813-375B-420B-A2B5-A72444FC7206}.Debug|iPhone.Deploy.0 = Debug|Any CPU
		{1914D813-375B-420B-A2B5-A72444FC7206}.Debug|iPhoneSimulator.ActiveCfg = Debug|Any CPU
		{1914D813-375B-420B-A2B5-A72444FC7206}.Debug|iPhoneSimulator.Build.0 = Debug|Any CPU
		{1914D813-375B-420B-A2B5-A72444FC7206}.Debug|iPhoneSimulator.Deploy.0 = Debug|Any CPU
		{1914D813-375B-420B-A2B5-A72444FC7206}.Release|Any CPU.ActiveCfg = Release|Any CPU
		{1914D813-375B-420B-A2B5-A72444FC7206}.Release|Any CPU.Build.0 = Release|Any CPU
		{1914D813-375B-420B-A2B5-A72444FC7206}.Release|Any CPU.Deploy.0 = Release|Any CPU
		{1914D813-375B-420B-A2B5-A72444FC7206}.Release|iPhone.ActiveCfg = Release|Any CPU
		{1914D813-375B-420B-A2B5-A72444FC7206}.Release|iPhone.Build.0 = Release|Any CPU
		{1914D813-375B-420B-A2B5-A72444FC7206}.Release|iPhone.Deploy.0 = Release|Any CPU
		{1914D813-375B-420B-A2B5-A72444FC7206}.Release|iPhoneSimulator.ActiveCfg = Release|Any CPU
		{1914D813-375B-420B-A2B5-A72444FC7206}.Release|iPhoneSimulator.Build.0 = Release|Any CPU
		{1914D813-375B-420B-A2B5-A72444FC7206}.Release|iPhoneSimulator.Deploy.0 = Release|Any CPU
		{09A4E57A-4B44-4801-9EE3-155A785A878E}.Ad-Hoc|Any CPU.ActiveCfg = Ad-Hoc|iPhone
		{09A4E57A-4B44-4801-9EE3-155A785A878E}.Ad-Hoc|Any CPU.Build.0 = Ad-Hoc|iPhone
		{09A4E57A-4B44-4801-9EE3-155A785A878E}.Ad-Hoc|Any CPU.Deploy.0 = Ad-Hoc|iPhone
		{09A4E57A-4B44-4801-9EE3-155A785A878E}.Ad-Hoc|iPhone.ActiveCfg = Ad-Hoc|iPhone
		{09A4E57A-4B44-4801-9EE3-155A785A878E}.Ad-Hoc|iPhone.Build.0 = Ad-Hoc|iPhone
		{09A4E57A-4B44-4801-9EE3-155A785A878E}.Ad-Hoc|iPhone.Deploy.0 = Ad-Hoc|iPhone
		{09A4E57A-4B44-4801-9EE3-155A785A878E}.Ad-Hoc|iPhoneSimulator.ActiveCfg = Ad-Hoc|iPhoneSimulator
		{09A4E57A-4B44-4801-9EE3-155A785A878E}.Ad-Hoc|iPhoneSimulator.Build.0 = Ad-Hoc|iPhoneSimulator
		{09A4E57A-4B44-4801-9EE3-155A785A878E}.Ad-Hoc|iPhoneSimulator.Deploy.0 = Ad-Hoc|iPhoneSimulator
		{09A4E57A-4B44-4801-9EE3-155A785A878E}.AppStore|Any CPU.ActiveCfg = AppStore|iPhone
		{09A4E57A-4B44-4801-9EE3-155A785A878E}.AppStore|Any CPU.Build.0 = AppStore|iPhone
		{09A4E57A-4B44-4801-9EE3-155A785A878E}.AppStore|Any CPU.Deploy.0 = AppStore|iPhone
		{09A4E57A-4B44-4801-9EE3-155A785A878E}.AppStore|iPhone.ActiveCfg = AppStore|iPhone
		{09A4E57A-4B44-4801-9EE3-155A785A878E}.AppStore|iPhone.Build.0 = AppStore|iPhone
		{09A4E57A-4B44-4801-9EE3-155A785A878E}.AppStore|iPhone.Deploy.0 = AppStore|iPhone
		{09A4E57A-4B44-4801-9EE3-155A785A878E}.AppStore|iPhoneSimulator.ActiveCfg = AppStore|iPhoneSimulator
		{09A4E57A-4B44-4801-9EE3-155A785A878E}.AppStore|iPhoneSimulator.Build.0 = AppStore|iPhoneSimulator
		{09A4E57A-4B44-4801-9EE3-155A785A878E}.AppStore|iPhoneSimulator.Deploy.0 = AppStore|iPhoneSimulator
		{09A4E57A-4B44-4801-9EE3-155A785A878E}.Debug|Any CPU.ActiveCfg = Debug|iPhoneSimulator
		{09A4E57A-4B44-4801-9EE3-155A785A878E}.Debug|Any CPU.Build.0 = Debug|iPhoneSimulator
		{09A4E57A-4B44-4801-9EE3-155A785A878E}.Debug|Any CPU.Deploy.0 = Debug|iPhoneSimulator
		{09A4E57A-4B44-4801-9EE3-155A785A878E}.Debug|iPhone.ActiveCfg = Debug|iPhone
		{09A4E57A-4B44-4801-9EE3-155A785A878E}.Debug|iPhone.Build.0 = Debug|iPhone
		{09A4E57A-4B44-4801-9EE3-155A785A878E}.Debug|iPhone.Deploy.0 = Debug|iPhone
		{09A4E57A-4B44-4801-9EE3-155A785A878E}.Debug|iPhoneSimulator.ActiveCfg = Debug|iPhoneSimulator
		{09A4E57A-4B44-4801-9EE3-155A785A878E}.Debug|iPhoneSimulator.Build.0 = Debug|iPhoneSimulator
		{09A4E57A-4B44-4801-9EE3-155A785A878E}.Debug|iPhoneSimulator.Deploy.0 = Debug|iPhoneSimulator
		{09A4E57A-4B44-4801-9EE3-155A785A878E}.Release|Any CPU.ActiveCfg = Release|iPhone
		{09A4E57A-4B44-4801-9EE3-155A785A878E}.Release|Any CPU.Build.0 = Release|iPhone
		{09A4E57A-4B44-4801-9EE3-155A785A878E}.Release|Any CPU.Deploy.0 = Release|iPhone
		{09A4E57A-4B44-4801-9EE3-155A785A878E}.Release|iPhone.ActiveCfg = Release|iPhone
		{09A4E57A-4B44-4801-9EE3-155A785A878E}.Release|iPhone.Build.0 = Release|iPhone
		{09A4E57A-4B44-4801-9EE3-155A785A878E}.Release|iPhone.Deploy.0 = Release|iPhone
		{09A4E57A-4B44-4801-9EE3-155A785A878E}.Release|iPhoneSimulator.ActiveCfg = Release|iPhoneSimulator
		{09A4E57A-4B44-4801-9EE3-155A785A878E}.Release|iPhoneSimulator.Build.0 = Release|iPhoneSimulator
		{09A4E57A-4B44-4801-9EE3-155A785A878E}.Release|iPhoneSimulator.Deploy.0 = Release|iPhoneSimulator
		{18D4DB58-791D-4A6F-BB79-242A40D0E16E}.Ad-Hoc|Any CPU.ActiveCfg = Debug|Any CPU
		{18D4DB58-791D-4A6F-BB79-242A40D0E16E}.Ad-Hoc|Any CPU.Build.0 = Debug|Any CPU
		{18D4DB58-791D-4A6F-BB79-242A40D0E16E}.Ad-Hoc|Any CPU.Deploy.0 = Debug|Any CPU
		{18D4DB58-791D-4A6F-BB79-242A40D0E16E}.Ad-Hoc|iPhone.ActiveCfg = Debug|Any CPU
		{18D4DB58-791D-4A6F-BB79-242A40D0E16E}.Ad-Hoc|iPhone.Build.0 = Debug|Any CPU
		{18D4DB58-791D-4A6F-BB79-242A40D0E16E}.Ad-Hoc|iPhone.Deploy.0 = Debug|Any CPU
		{18D4DB58-791D-4A6F-BB79-242A40D0E16E}.Ad-Hoc|iPhoneSimulator.ActiveCfg = Debug|Any CPU
		{18D4DB58-791D-4A6F-BB79-242A40D0E16E}.Ad-Hoc|iPhoneSimulator.Build.0 = Debug|Any CPU
		{18D4DB58-791D-4A6F-BB79-242A40D0E16E}.Ad-Hoc|iPhoneSimulator.Deploy.0 = Debug|Any CPU
		{18D4DB58-791D-4A6F-BB79-242A40D0E16E}.AppStore|Any CPU.ActiveCfg = Debug|Any CPU
		{18D4DB58-791D-4A6F-BB79-242A40D0E16E}.AppStore|Any CPU.Build.0 = Debug|Any CPU
		{18D4DB58-791D-4A6F-BB79-242A40D0E16E}.AppStore|Any CPU.Deploy.0 = Debug|Any CPU
		{18D4DB58-791D-4A6F-BB79-242A40D0E16E}.AppStore|iPhone.ActiveCfg = Debug|Any CPU
		{18D4DB58-791D-4A6F-BB79-242A40D0E16E}.AppStore|iPhone.Build.0 = Debug|Any CPU
		{18D4DB58-791D-4A6F-BB79-242A40D0E16E}.AppStore|iPhone.Deploy.0 = Debug|Any CPU
		{18D4DB58-791D-4A6F-BB79-242A40D0E16E}.AppStore|iPhoneSimulator.ActiveCfg = Debug|Any CPU
		{18D4DB58-791D-4A6F-BB79-242A40D0E16E}.AppStore|iPhoneSimulator.Build.0 = Debug|Any CPU
		{18D4DB58-791D-4A6F-BB79-242A40D0E16E}.AppStore|iPhoneSimulator.Deploy.0 = Debug|Any CPU
		{18D4DB58-791D-4A6F-BB79-242A40D0E16E}.Debug|Any CPU.ActiveCfg = Debug|Any CPU
		{18D4DB58-791D-4A6F-BB79-242A40D0E16E}.Debug|Any CPU.Build.0 = Debug|Any CPU
		{18D4DB58-791D-4A6F-BB79-242A40D0E16E}.Debug|Any CPU.Deploy.0 = Debug|Any CPU
		{18D4DB58-791D-4A6F-BB79-242A40D0E16E}.Debug|iPhone.ActiveCfg = Debug|Any CPU
		{18D4DB58-791D-4A6F-BB79-242A40D0E16E}.Debug|iPhone.Build.0 = Debug|Any CPU
		{18D4DB58-791D-4A6F-BB79-242A40D0E16E}.Debug|iPhone.Deploy.0 = Debug|Any CPU
		{18D4DB58-791D-4A6F-BB79-242A40D0E16E}.Debug|iPhoneSimulator.ActiveCfg = Debug|Any CPU
		{18D4DB58-791D-4A6F-BB79-242A40D0E16E}.Debug|iPhoneSimulator.Build.0 = Debug|Any CPU
		{18D4DB58-791D-4A6F-BB79-242A40D0E16E}.Debug|iPhoneSimulator.Deploy.0 = Debug|Any CPU
		{18D4DB58-791D-4A6F-BB79-242A40D0E16E}.Release|Any CPU.ActiveCfg = Release|Any CPU
		{18D4DB58-791D-4A6F-BB79-242A40D0E16E}.Release|Any CPU.Build.0 = Release|Any CPU
		{18D4DB58-791D-4A6F-BB79-242A40D0E16E}.Release|Any CPU.Deploy.0 = Release|Any CPU
		{18D4DB58-791D-4A6F-BB79-242A40D0E16E}.Release|iPhone.ActiveCfg = Release|Any CPU
		{18D4DB58-791D-4A6F-BB79-242A40D0E16E}.Release|iPhone.Build.0 = Release|Any CPU
		{18D4DB58-791D-4A6F-BB79-242A40D0E16E}.Release|iPhone.Deploy.0 = Release|Any CPU
		{18D4DB58-791D-4A6F-BB79-242A40D0E16E}.Release|iPhoneSimulator.ActiveCfg = Release|Any CPU
		{18D4DB58-791D-4A6F-BB79-242A40D0E16E}.Release|iPhoneSimulator.Build.0 = Release|Any CPU
		{18D4DB58-791D-4A6F-BB79-242A40D0E16E}.Release|iPhoneSimulator.Deploy.0 = Release|Any CPU
		{47B6CD3E-4E6B-465F-A1A8-03AC63986DCF}.Ad-Hoc|Any CPU.ActiveCfg = Debug|Any CPU
		{47B6CD3E-4E6B-465F-A1A8-03AC63986DCF}.Ad-Hoc|Any CPU.Build.0 = Debug|Any CPU
		{47B6CD3E-4E6B-465F-A1A8-03AC63986DCF}.Ad-Hoc|iPhone.ActiveCfg = Debug|Any CPU
		{47B6CD3E-4E6B-465F-A1A8-03AC63986DCF}.Ad-Hoc|iPhone.Build.0 = Debug|Any CPU
		{47B6CD3E-4E6B-465F-A1A8-03AC63986DCF}.Ad-Hoc|iPhoneSimulator.ActiveCfg = Debug|Any CPU
		{47B6CD3E-4E6B-465F-A1A8-03AC63986DCF}.Ad-Hoc|iPhoneSimulator.Build.0 = Debug|Any CPU
		{47B6CD3E-4E6B-465F-A1A8-03AC63986DCF}.AppStore|Any CPU.ActiveCfg = Debug|Any CPU
		{47B6CD3E-4E6B-465F-A1A8-03AC63986DCF}.AppStore|Any CPU.Build.0 = Debug|Any CPU
		{47B6CD3E-4E6B-465F-A1A8-03AC63986DCF}.AppStore|iPhone.ActiveCfg = Debug|Any CPU
		{47B6CD3E-4E6B-465F-A1A8-03AC63986DCF}.AppStore|iPhone.Build.0 = Debug|Any CPU
		{47B6CD3E-4E6B-465F-A1A8-03AC63986DCF}.AppStore|iPhoneSimulator.ActiveCfg = Debug|Any CPU
		{47B6CD3E-4E6B-465F-A1A8-03AC63986DCF}.AppStore|iPhoneSimulator.Build.0 = Debug|Any CPU
		{47B6CD3E-4E6B-465F-A1A8-03AC63986DCF}.Debug|Any CPU.ActiveCfg = Debug|Any CPU
		{47B6CD3E-4E6B-465F-A1A8-03AC63986DCF}.Debug|Any CPU.Build.0 = Debug|Any CPU
		{47B6CD3E-4E6B-465F-A1A8-03AC63986DCF}.Debug|iPhone.ActiveCfg = Debug|Any CPU
		{47B6CD3E-4E6B-465F-A1A8-03AC63986DCF}.Debug|iPhone.Build.0 = Debug|Any CPU
		{47B6CD3E-4E6B-465F-A1A8-03AC63986DCF}.Debug|iPhoneSimulator.ActiveCfg = Debug|Any CPU
		{47B6CD3E-4E6B-465F-A1A8-03AC63986DCF}.Debug|iPhoneSimulator.Build.0 = Debug|Any CPU
		{47B6CD3E-4E6B-465F-A1A8-03AC63986DCF}.Release|Any CPU.ActiveCfg = Release|Any CPU
		{47B6CD3E-4E6B-465F-A1A8-03AC63986DCF}.Release|Any CPU.Build.0 = Release|Any CPU
		{47B6CD3E-4E6B-465F-A1A8-03AC63986DCF}.Release|iPhone.ActiveCfg = Release|Any CPU
		{47B6CD3E-4E6B-465F-A1A8-03AC63986DCF}.Release|iPhone.Build.0 = Release|Any CPU
		{47B6CD3E-4E6B-465F-A1A8-03AC63986DCF}.Release|iPhoneSimulator.ActiveCfg = Release|Any CPU
		{47B6CD3E-4E6B-465F-A1A8-03AC63986DCF}.Release|iPhoneSimulator.Build.0 = Release|Any CPU
	EndGlobalSection
	GlobalSection(SolutionProperties) = preSolution
		HideSolutionNode = FALSE
	EndGlobalSection
	GlobalSection(ExtensibilityGlobals) = postSolution
		SolutionGuid = {E0139E03-7EB8-4414-BD5E-330C952FFD01}
	EndGlobalSection
EndGlobal
